// !$*UTF8*$!
{
	archiveVersion = 1;
	classes = {
	};
	objectVersion = 50;
	objects = {

/* Begin PBXBuildFile section */
		877CCF79217F19AA00A889AA /* Book.plist in Resources */ = {isa = PBXBuildFile; fileRef = 877CCF77217F0DE500A889AA /* Book.plist */; };
		87A162A6217ECFA500D75ED0 /* AppDelegate.swift in Sources */ = {isa = PBXBuildFile; fileRef = 87A162A5217ECFA500D75ED0 /* AppDelegate.swift */; };
		87A162A8217ECFA500D75ED0 /* BFBookViewController.swift in Sources */ = {isa = PBXBuildFile; fileRef = 87A162A7217ECFA500D75ED0 /* BFBookViewController.swift */; };
		87A162AA217ECFA500D75ED0 /* BFMainViewController.swift in Sources */ = {isa = PBXBuildFile; fileRef = 87A162A9217ECFA500D75ED0 /* BFMainViewController.swift */; };
		87A162AF217ECFA600D75ED0 /* Assets.xcassets in Resources */ = {isa = PBXBuildFile; fileRef = 87A162AE217ECFA600D75ED0 /* Assets.xcassets */; };
		87A162D6217EE2CD00D75ED0 /* BFTabBarController.swift in Sources */ = {isa = PBXBuildFile; fileRef = 87A162D5217EE2CD00D75ED0 /* BFTabBarController.swift */; };
		87A162DA217EE9F300D75ED0 /* BFDefine.swift in Sources */ = {isa = PBXBuildFile; fileRef = 87A162D9217EE9F300D75ED0 /* BFDefine.swift */; };
		87EBEA4021800E37009A7417 /* 般若波罗蜜多心经.rtf in Resources */ = {isa = PBXBuildFile; fileRef = 87EBEA3F21800E37009A7417 /* 般若波罗蜜多心经.rtf */; };
		87EBEA4221800F78009A7417 /* 大悲咒.rtf in Resources */ = {isa = PBXBuildFile; fileRef = 87EBEA4121800F78009A7417 /* 大悲咒.rtf */; };
		87EBEA442180133F009A7417 /* BFBookInfoViewController.swift in Sources */ = {isa = PBXBuildFile; fileRef = 87EBEA432180133F009A7417 /* BFBookInfoViewController.swift */; };
		87EBEA4D21804732009A7417 /* MainImage.jpeg in Resources */ = {isa = PBXBuildFile; fileRef = 87EBEA4C21804732009A7417 /* MainImage.jpeg */; };
		87EBEA4F21807066009A7417 /* 往生咒.rtf in Resources */ = {isa = PBXBuildFile; fileRef = 87EBEA4E21807066009A7417 /* 往生咒.rtf */; };
		87EBEA52218076E4009A7417 /* 七佛灭罪真言.rtf in Resources */ = {isa = PBXBuildFile; fileRef = 87EBEA51218076E4009A7417 /* 七佛灭罪真言.rtf */; };
		87EBEA5621807B18009A7417 /* 妙法莲华经观世音菩萨普门品.rtf in Resources */ = {isa = PBXBuildFile; fileRef = 87EBEA5521807B18009A7417 /* 妙法莲华经观世音菩萨普门品.rtf */; };
		87EBEA5821807CF6009A7417 /* 金刚般若波罗蜜经.rtf in Resources */ = {isa = PBXBuildFile; fileRef = 87EBEA5721807CF6009A7417 /* 金刚般若波罗蜜经.rtf */; };
		87EBEA5A2181B7FD009A7417 /* BFFastRemind.swift in Sources */ = {isa = PBXBuildFile; fileRef = 87EBEA592181B7FD009A7417 /* BFFastRemind.swift */; };
		87EBEA5C2181B88C009A7417 /* BFCalendar.swift in Sources */ = {isa = PBXBuildFile; fileRef = 87EBEA5B2181B88C009A7417 /* BFCalendar.swift */; };
		87EBEA5E2182AD3F009A7417 /* BFChineseCalendar.swift in Sources */ = {isa = PBXBuildFile; fileRef = 87EBEA5D2182AD3F009A7417 /* BFChineseCalendar.swift */; };
		87EBEA602182FCF6009A7417 /* BFNotification.swift in Sources */ = {isa = PBXBuildFile; fileRef = 87EBEA5F2182FCF6009A7417 /* BFNotification.swift */; };
/* End PBXBuildFile section */

/* Begin PBXFileReference section */
		877CCF77217F0DE500A889AA /* Book.plist */ = {isa = PBXFileReference; lastKnownFileType = text.plist.xml; path = Book.plist; sourceTree = "<group>"; };
		87A162A2217ECFA500D75ED0 /* JiShanBuddhistFriends.app */ = {isa = PBXFileReference; explicitFileType = wrapper.application; includeInIndex = 0; path = JiShanBuddhistFriends.app; sourceTree = BUILT_PRODUCTS_DIR; };
		87A162A5217ECFA500D75ED0 /* AppDelegate.swift */ = {isa = PBXFileReference; lastKnownFileType = sourcecode.swift; path = AppDelegate.swift; sourceTree = "<group>"; };
		87A162A7217ECFA500D75ED0 /* BFBookViewController.swift */ = {isa = PBXFileReference; lastKnownFileType = sourcecode.swift; path = BFBookViewController.swift; sourceTree = "<group>"; };
		87A162A9217ECFA500D75ED0 /* BFMainViewController.swift */ = {isa = PBXFileReference; lastKnownFileType = sourcecode.swift; path = BFMainViewController.swift; sourceTree = "<group>"; };
		87A162AE217ECFA600D75ED0 /* Assets.xcassets */ = {isa = PBXFileReference; lastKnownFileType = folder.assetcatalog; path = Assets.xcassets; sourceTree = "<group>"; };
		87A162B3217ECFA600D75ED0 /* Info.plist */ = {isa = PBXFileReference; lastKnownFileType = text.plist.xml; path = Info.plist; sourceTree = "<group>"; };
		87A162D5217EE2CD00D75ED0 /* BFTabBarController.swift */ = {isa = PBXFileReference; lastKnownFileType = sourcecode.swift; path = BFTabBarController.swift; sourceTree = "<group>"; };
		87A162D9217EE9F300D75ED0 /* BFDefine.swift */ = {isa = PBXFileReference; lastKnownFileType = sourcecode.swift; path = BFDefine.swift; sourceTree = "<group>"; };
		87EBEA3F21800E37009A7417 /* 般若波罗蜜多心经.rtf */ = {isa = PBXFileReference; fileEncoding = 4; lastKnownFileType = text.rtf; path = "般若波罗蜜多心经.rtf"; sourceTree = "<group>"; };
		87EBEA4121800F78009A7417 /* 大悲咒.rtf */ = {isa = PBXFileReference; fileEncoding = 4; lastKnownFileType = text.rtf; path = "大悲咒.rtf"; sourceTree = "<group>"; };
		87EBEA432180133F009A7417 /* BFBookInfoViewController.swift */ = {isa = PBXFileReference; lastKnownFileType = sourcecode.swift; path = BFBookInfoViewController.swift; sourceTree = "<group>"; };
		87EBEA4C21804732009A7417 /* MainImage.jpeg */ = {isa = PBXFileReference; lastKnownFileType = image.jpeg; path = MainImage.jpeg; sourceTree = "<group>"; };
		87EBEA4E21807066009A7417 /* 往生咒.rtf */ = {isa = PBXFileReference; fileEncoding = 4; lastKnownFileType = text.rtf; path = "往生咒.rtf"; sourceTree = "<group>"; };
		87EBEA51218076E4009A7417 /* 七佛灭罪真言.rtf */ = {isa = PBXFileReference; fileEncoding = 4; lastKnownFileType = text.rtf; path = "七佛灭罪真言.rtf"; sourceTree = "<group>"; };
		87EBEA5521807B18009A7417 /* 妙法莲华经观世音菩萨普门品.rtf */ = {isa = PBXFileReference; fileEncoding = 4; lastKnownFileType = text.rtf; path = "妙法莲华经观世音菩萨普门品.rtf"; sourceTree = "<group>"; };
		87EBEA5721807CF6009A7417 /* 金刚般若波罗蜜经.rtf */ = {isa = PBXFileReference; fileEncoding = 4; lastKnownFileType = text.rtf; path = "金刚般若波罗蜜经.rtf"; sourceTree = "<group>"; };
		87EBEA592181B7FD009A7417 /* BFFastRemind.swift */ = {isa = PBXFileReference; lastKnownFileType = sourcecode.swift; path = BFFastRemind.swift; sourceTree = "<group>"; };
		87EBEA5B2181B88C009A7417 /* BFCalendar.swift */ = {isa = PBXFileReference; lastKnownFileType = sourcecode.swift; path = BFCalendar.swift; sourceTree = "<group>"; };
		87EBEA5D2182AD3F009A7417 /* BFChineseCalendar.swift */ = {isa = PBXFileReference; lastKnownFileType = sourcecode.swift; path = BFChineseCalendar.swift; sourceTree = "<group>"; };
		87EBEA5F2182FCF6009A7417 /* BFNotification.swift */ = {isa = PBXFileReference; lastKnownFileType = sourcecode.swift; path = BFNotification.swift; sourceTree = "<group>"; };
/* End PBXFileReference section */

/* Begin PBXFrameworksBuildPhase section */
		87A1629F217ECFA500D75ED0 /* Frameworks */ = {
			isa = PBXFrameworksBuildPhase;
			buildActionMask = 2147483647;
			files = (
			);
			runOnlyForDeploymentPostprocessing = 0;
		};
/* End PBXFrameworksBuildPhase section */

/* Begin PBXGroup section */
		87A16299217ECFA500D75ED0 = {
			isa = PBXGroup;
			children = (
				87A162A4217ECFA500D75ED0 /* JiShanBuddhistFriends */,
				87A162A3217ECFA500D75ED0 /* Products */,
			);
			sourceTree = "<group>";
		};
		87A162A3217ECFA500D75ED0 /* Products */ = {
			isa = PBXGroup;
			children = (
				87A162A2217ECFA500D75ED0 /* JiShanBuddhistFriends.app */,
			);
			name = Products;
			sourceTree = "<group>";
		};
		87A162A4217ECFA500D75ED0 /* JiShanBuddhistFriends */ = {
			isa = PBXGroup;
			children = (
				87EBEA50218075A4009A7417 /* Resources */,
				87A162D8217EE99F00D75ED0 /* Classes */,
				87A162AE217ECFA600D75ED0 /* Assets.xcassets */,
				87A162B3217ECFA600D75ED0 /* Info.plist */,
			);
			path = JiShanBuddhistFriends;
			sourceTree = "<group>";
		};
		87A162D8217EE99F00D75ED0 /* Classes */ = {
			isa = PBXGroup;
			children = (
				87A162A5217ECFA500D75ED0 /* AppDelegate.swift */,
				87A162A7217ECFA500D75ED0 /* BFBookViewController.swift */,
				87EBEA432180133F009A7417 /* BFBookInfoViewController.swift */,
				87A162A9217ECFA500D75ED0 /* BFMainViewController.swift */,
				87A162D5217EE2CD00D75ED0 /* BFTabBarController.swift */,
				87A162D9217EE9F300D75ED0 /* BFDefine.swift */,
				87EBEA592181B7FD009A7417 /* BFFastRemind.swift */,
				87EBEA5B2181B88C009A7417 /* BFCalendar.swift */,
				87EBEA5D2182AD3F009A7417 /* BFChineseCalendar.swift */,
				87EBEA5F2182FCF6009A7417 /* BFNotification.swift */,
			);
			path = Classes;
			sourceTree = "<group>";
		};
		87EBEA50218075A4009A7417 /* Resources */ = {
			isa = PBXGroup;
			children = (
				877CCF77217F0DE500A889AA /* Book.plist */,
				87EBEA3F21800E37009A7417 /* 般若波罗蜜多心经.rtf */,
				87EBEA4121800F78009A7417 /* 大悲咒.rtf */,
				87EBEA4E21807066009A7417 /* 往生咒.rtf */,
				87EBEA51218076E4009A7417 /* 七佛灭罪真言.rtf */,
				87EBEA5521807B18009A7417 /* 妙法莲华经观世音菩萨普门品.rtf */,
				87EBEA5721807CF6009A7417 /* 金刚般若波罗蜜经.rtf */,
				87EBEA4C21804732009A7417 /* MainImage.jpeg */,
			);
			path = Resources;
			sourceTree = "<group>";
		};
/* End PBXGroup section */

/* Begin PBXNativeTarget section */
		87A162A1217ECFA500D75ED0 /* JiShanBuddhistFriends */ = {
			isa = PBXNativeTarget;
			buildConfigurationList = 87A162CC217ECFA600D75ED0 /* Build configuration list for PBXNativeTarget "JiShanBuddhistFriends" */;
			buildPhases = (
				87A1629E217ECFA500D75ED0 /* Sources */,
				87A1629F217ECFA500D75ED0 /* Frameworks */,
				87A162A0217ECFA500D75ED0 /* Resources */,
			);
			buildRules = (
			);
			dependencies = (
			);
			name = JiShanBuddhistFriends;
			productName = JiShanBuddhistFriends;
			productReference = 87A162A2217ECFA500D75ED0 /* JiShanBuddhistFriends.app */;
			productType = "com.apple.product-type.application";
		};
/* End PBXNativeTarget section */

/* Begin PBXProject section */
		87A1629A217ECFA500D75ED0 /* Project object */ = {
			isa = PBXProject;
			attributes = {
				LastSwiftUpdateCheck = 1000;
				LastUpgradeCheck = 1000;
				ORGANIZATIONNAME = Simon;
				TargetAttributes = {
					87A162A1217ECFA500D75ED0 = {
						CreatedOnToolsVersion = 10.0;
					};
				};
			};
			buildConfigurationList = 87A1629D217ECFA500D75ED0 /* Build configuration list for PBXProject "JiShanBuddhistFriends" */;
			compatibilityVersion = "Xcode 9.3";
			developmentRegion = en;
			hasScannedForEncodings = 0;
			knownRegions = (
				en,
				Base,
			);
			mainGroup = 87A16299217ECFA500D75ED0;
			productRefGroup = 87A162A3217ECFA500D75ED0 /* Products */;
			projectDirPath = "";
			projectRoot = "";
			targets = (
				87A162A1217ECFA500D75ED0 /* JiShanBuddhistFriends */,
			);
		};
/* End PBXProject section */

/* Begin PBXResourcesBuildPhase section */
		87A162A0217ECFA500D75ED0 /* Resources */ = {
			isa = PBXResourcesBuildPhase;
			buildActionMask = 2147483647;
			files = (
				87EBEA52218076E4009A7417 /* 七佛灭罪真言.rtf in Resources */,
				87EBEA4F21807066009A7417 /* 往生咒.rtf in Resources */,
				87EBEA4021800E37009A7417 /* 般若波罗蜜多心经.rtf in Resources */,
				87EBEA5621807B18009A7417 /* 妙法莲华经观世音菩萨普门品.rtf in Resources */,
				87EBEA4221800F78009A7417 /* 大悲咒.rtf in Resources */,
				87EBEA4D21804732009A7417 /* MainImage.jpeg in Resources */,
				877CCF79217F19AA00A889AA /* Book.plist in Resources */,
				87A162AF217ECFA600D75ED0 /* Assets.xcassets in Resources */,
				87EBEA5821807CF6009A7417 /* 金刚般若波罗蜜经.rtf in Resources */,
			);
			runOnlyForDeploymentPostprocessing = 0;
		};
/* End PBXResourcesBuildPhase section */

/* Begin PBXSourcesBuildPhase section */
		87A1629E217ECFA500D75ED0 /* Sources */ = {
			isa = PBXSourcesBuildPhase;
			buildActionMask = 2147483647;
			files = (
				87EBEA602182FCF6009A7417 /* BFNotification.swift in Sources */,
				87EBEA5E2182AD3F009A7417 /* BFChineseCalendar.swift in Sources */,
				87A162DA217EE9F300D75ED0 /* BFDefine.swift in Sources */,
				87A162AA217ECFA500D75ED0 /* BFMainViewController.swift in Sources */,
				87A162A6217ECFA500D75ED0 /* AppDelegate.swift in Sources */,
				87EBEA5A2181B7FD009A7417 /* BFFastRemind.swift in Sources */,
				87A162A8217ECFA500D75ED0 /* BFBookViewController.swift in Sources */,
				87EBEA5C2181B88C009A7417 /* BFCalendar.swift in Sources */,
				87EBEA442180133F009A7417 /* BFBookInfoViewController.swift in Sources */,
				87A162D6217EE2CD00D75ED0 /* BFTabBarController.swift in Sources */,
			);
			runOnlyForDeploymentPostprocessing = 0;
		};
/* End PBXSourcesBuildPhase section */

/* Begin XCBuildConfiguration section */
		87A162CA217ECFA600D75ED0 /* Debug */ = {
			isa = XCBuildConfiguration;
			buildSettings = {
				ALWAYS_SEARCH_USER_PATHS = NO;
				CLANG_ANALYZER_NONNULL = YES;
				CLANG_ANALYZER_NUMBER_OBJECT_CONVERSION = YES_AGGRESSIVE;
				CLANG_CXX_LANGUAGE_STANDARD = "gnu++14";
				CLANG_CXX_LIBRARY = "libc++";
				CLANG_ENABLE_MODULES = YES;
				CLANG_ENABLE_OBJC_ARC = YES;
				CLANG_ENABLE_OBJC_WEAK = YES;
				CLANG_WARN_BLOCK_CAPTURE_AUTORELEASING = YES;
				CLANG_WARN_BOOL_CONVERSION = YES;
				CLANG_WARN_COMMA = YES;
				CLANG_WARN_CONSTANT_CONVERSION = YES;
				CLANG_WARN_DEPRECATED_OBJC_IMPLEMENTATIONS = YES;
				CLANG_WARN_DIRECT_OBJC_ISA_USAGE = YES_ERROR;
				CLANG_WARN_DOCUMENTATION_COMMENTS = YES;
				CLANG_WARN_EMPTY_BODY = YES;
				CLANG_WARN_ENUM_CONVERSION = YES;
				CLANG_WARN_INFINITE_RECURSION = YES;
				CLANG_WARN_INT_CONVERSION = YES;
				CLANG_WARN_NON_LITERAL_NULL_CONVERSION = YES;
				CLANG_WARN_OBJC_IMPLICIT_RETAIN_SELF = YES;
				CLANG_WARN_OBJC_LITERAL_CONVERSION = YES;
				CLANG_WARN_OBJC_ROOT_CLASS = YES_ERROR;
				CLANG_WARN_RANGE_LOOP_ANALYSIS = YES;
				CLANG_WARN_STRICT_PROTOTYPES = YES;
				CLANG_WARN_SUSPICIOUS_MOVE = YES;
				CLANG_WARN_UNGUARDED_AVAILABILITY = YES_AGGRESSIVE;
				CLANG_WARN_UNREACHABLE_CODE = YES;
				CLANG_WARN__DUPLICATE_METHOD_MATCH = YES;
				CODE_SIGN_IDENTITY = "iPhone Developer";
				COPY_PHASE_STRIP = NO;
				DEBUG_INFORMATION_FORMAT = dwarf;
				ENABLE_STRICT_OBJC_MSGSEND = YES;
				ENABLE_TESTABILITY = YES;
				GCC_C_LANGUAGE_STANDARD = gnu11;
				GCC_DYNAMIC_NO_PIC = NO;
				GCC_NO_COMMON_BLOCKS = YES;
				GCC_OPTIMIZATION_LEVEL = 0;
				GCC_PREPROCESSOR_DEFINITIONS = (
					"DEBUG=1",
					"$(inherited)",
				);
				GCC_WARN_64_TO_32_BIT_CONVERSION = YES;
				GCC_WARN_ABOUT_RETURN_TYPE = YES_ERROR;
				GCC_WARN_UNDECLARED_SELECTOR = YES;
				GCC_WARN_UNINITIALIZED_AUTOS = YES_AGGRESSIVE;
				GCC_WARN_UNUSED_FUNCTION = YES;
				GCC_WARN_UNUSED_VARIABLE = YES;
				IPHONEOS_DEPLOYMENT_TARGET = 9.0;
				MTL_ENABLE_DEBUG_INFO = INCLUDE_SOURCE;
				MTL_FAST_MATH = YES;
				ONLY_ACTIVE_ARCH = YES;
				SDKROOT = iphoneos;
				SWIFT_ACTIVE_COMPILATION_CONDITIONS = DEBUG;
				SWIFT_OPTIMIZATION_LEVEL = "-Onone";
			};
			name = Debug;
		};
		87A162CB217ECFA600D75ED0 /* Release */ = {
			isa = XCBuildConfiguration;
			buildSettings = {
				ALWAYS_SEARCH_USER_PATHS = NO;
				CLANG_ANALYZER_NONNULL = YES;
				CLANG_ANALYZER_NUMBER_OBJECT_CONVERSION = YES_AGGRESSIVE;
				CLANG_CXX_LANGUAGE_STANDARD = "gnu++14";
				CLANG_CXX_LIBRARY = "libc++";
				CLANG_ENABLE_MODULES = YES;
				CLANG_ENABLE_OBJC_ARC = YES;
				CLANG_ENABLE_OBJC_WEAK = YES;
				CLANG_WARN_BLOCK_CAPTURE_AUTORELEASING = YES;
				CLANG_WARN_BOOL_CONVERSION = YES;
				CLANG_WARN_COMMA = YES;
				CLANG_WARN_CONSTANT_CONVERSION = YES;
				CLANG_WARN_DEPRECATED_OBJC_IMPLEMENTATIONS = YES;
				CLANG_WARN_DIRECT_OBJC_ISA_USAGE = YES_ERROR;
				CLANG_WARN_DOCUMENTATION_COMMENTS = YES;
				CLANG_WARN_EMPTY_BODY = YES;
				CLANG_WARN_ENUM_CONVERSION = YES;
				CLANG_WARN_INFINITE_RECURSION = YES;
				CLANG_WARN_INT_CONVERSION = YES;
				CLANG_WARN_NON_LITERAL_NULL_CONVERSION = YES;
				CLANG_WARN_OBJC_IMPLICIT_RETAIN_SELF = YES;
				CLANG_WARN_OBJC_LITERAL_CONVERSION = YES;
				CLANG_WARN_OBJC_ROOT_CLASS = YES_ERROR;
				CLANG_WARN_RANGE_LOOP_ANALYSIS = YES;
				CLANG_WARN_STRICT_PROTOTYPES = YES;
				CLANG_WARN_SUSPICIOUS_MOVE = YES;
				CLANG_WARN_UNGUARDED_AVAILABILITY = YES_AGGRESSIVE;
				CLANG_WARN_UNREACHABLE_CODE = YES;
				CLANG_WARN__DUPLICATE_METHOD_MATCH = YES;
				CODE_SIGN_IDENTITY = "iPhone Developer";
				COPY_PHASE_STRIP = NO;
				DEBUG_INFORMATION_FORMAT = "dwarf-with-dsym";
				ENABLE_NS_ASSERTIONS = NO;
				ENABLE_STRICT_OBJC_MSGSEND = YES;
				GCC_C_LANGUAGE_STANDARD = gnu11;
				GCC_NO_COMMON_BLOCKS = YES;
				GCC_WARN_64_TO_32_BIT_CONVERSION = YES;
				GCC_WARN_ABOUT_RETURN_TYPE = YES_ERROR;
				GCC_WARN_UNDECLARED_SELECTOR = YES;
				GCC_WARN_UNINITIALIZED_AUTOS = YES_AGGRESSIVE;
				GCC_WARN_UNUSED_FUNCTION = YES;
				GCC_WARN_UNUSED_VARIABLE = YES;
				IPHONEOS_DEPLOYMENT_TARGET = 9.0;
				MTL_ENABLE_DEBUG_INFO = NO;
				MTL_FAST_MATH = YES;
				SDKROOT = iphoneos;
				SWIFT_COMPILATION_MODE = wholemodule;
				SWIFT_OPTIMIZATION_LEVEL = "-O";
				VALIDATE_PRODUCT = YES;
			};
			name = Release;
		};
		87A162CD217ECFA600D75ED0 /* Debug */ = {
			isa = XCBuildConfiguration;
			buildSettings = {
				ASSETCATALOG_COMPILER_APPICON_NAME = AppIcon;
				ASSETCATALOG_COMPILER_LAUNCHIMAGE_NAME = LaunchImage;
				CODE_SIGN_STYLE = Automatic;
				DEVELOPMENT_TEAM = 8MAKZS6CJ3;
				INFOPLIST_FILE = JiShanBuddhistFriends/Info.plist;
				IPHONEOS_DEPLOYMENT_TARGET = 9.0;
				LD_RUNPATH_SEARCH_PATHS = (
					"$(inherited)",
					"@executable_path/Frameworks",
				);
				PRODUCT_BUNDLE_IDENTIFIER = com.jishan.BuddhistFriends;
				PRODUCT_NAME = "$(TARGET_NAME)";
				SWIFT_VERSION = 4.2;
				TARGETED_DEVICE_FAMILY = "1,2";
			};
			name = Debug;
		};
		87A162CE217ECFA600D75ED0 /* Release */ = {
			isa = XCBuildConfiguration;
			buildSettings = {
				ASSETCATALOG_COMPILER_APPICON_NAME = AppIcon;
				ASSETCATALOG_COMPILER_LAUNCHIMAGE_NAME = LaunchImage;
				CODE_SIGN_STYLE = Automatic;
				DEVELOPMENT_TEAM = 8MAKZS6CJ3;
				INFOPLIST_FILE = JiShanBuddhistFriends/Info.plist;
				IPHONEOS_DEPLOYMENT_TARGET = 9.0;
				LD_RUNPATH_SEARCH_PATHS = (
					"$(inherited)",
					"@executable_path/Frameworks",
				);
				PRODUCT_BUNDLE_IDENTIFIER = com.jishan.BuddhistFriends;
				PRODUCT_NAME = "$(TARGET_NAME)";
				SWIFT_VERSION = 4.2;
				TARGETED_DEVICE_FAMILY = "1,2";
			};
			name = Release;
		};
/* End XCBuildConfiguration section */

/* Begin XCConfigurationList section */
		87A1629D217ECFA500D75ED0 /* Build configuration list for PBXProject "JiShanBuddhistFriends" */ = {
			isa = XCConfigurationList;
			buildConfigurations = (
				87A162CA217ECFA600D75ED0 /* Debug */,
				87A162CB217ECFA600D75ED0 /* Release */,
			);
			defaultConfigurationIsVisible = 0;
			defaultConfigurationName = Release;
		};
		87A162CC217ECFA600D75ED0 /* Build configuration list for PBXNativeTarget "JiShanBuddhistFriends" */ = {
			isa = XCConfigurationList;
			buildConfigurations = (
				87A162CD217ECFA600D75ED0 /* Debug */,
				87A162CE217ECFA600D75ED0 /* Release */,
			);
			defaultConfigurationIsVisible = 0;
			defaultConfigurationName = Release;
		};
/* End XCConfigurationList section */
	};
	rootObject = 87A1629A217ECFA500D75ED0 /* Project object */;
}
